
Microsoft Visual Studio Solution File, Format Version 12.00
# Visual Studio Version 17
VisualStudioVersion = 17.1.32407.343
MinimumVisualStudioVersion = 10.0.40219.1
Project("{FAE04EC0-301F-11D3-BF4B-00C04F79EFBC}") = "employeeWage", "employeeWage.csproj", "{D128D7FB-85BE-4D03-9A6A-671224C66730}"
EndProject
Global
	GlobalSection(SolutionConfigurationPlatforms) = preSolution
		Debug|Any CPU = Debug|Any CPU
		Release|Any CPU = Release|Any CPU
	EndGlobalSection
	GlobalSection(ProjectConfigurationPlatforms) = postSolution
		{D128D7FB-85BE-4D03-9A6A-671224C66730}.Debug|Any CPU.ActiveCfg = Debug|Any CPU
		{D128D7FB-85BE-4D03-9A6A-671224C66730}.Debug|Any CPU.Build.0 = Debug|Any CPU
		{D128D7FB-85BE-4D03-9A6A-671224C66730}.Release|Any CPU.ActiveCfg = Release|Any CPU
		{D128D7FB-85BE-4D03-9A6A-671224C66730}.Release|Any CPU.Build.0 = Release|Any CPU
	EndGlobalSection
	GlobalSection(SolutionProperties) = preSolution
		HideSolutionNode = FALSE
	EndGlobalSection
	GlobalSection(ExtensibilityGlobals) = postSolution
		SolutionGuid = {D9E8762B-AE61-4623-8867-4BBDC9D4233D}
	EndGlobalSection
EndGlobal
